
Microsoft Visual Studio Solution File, Format Version 12.00
# Visual Studio Version 17
VisualStudioVersion = 17.14.36603.0 d17.14
MinimumVisualStudioVersion = 10.0.40219.1
Project("{FAE04EC0-301F-11D3-BF4B-00C04F79EFBC}") = "Friday13thDemo", "Friday13thDemo\Friday13thDemo.csproj", "{20884543-AC71-4A05-852C-D046584A278A}"
EndProject
Global
	GlobalSection(SolutionConfigurationPlatforms) = preSolution
		Debug|Any CPU = Debug|Any CPU
		Release|Any CPU = Release|Any CPU
	EndGlobalSection
	GlobalSection(ProjectConfigurationPlatforms) = postSolution
		{20884543-AC71-4A05-852C-D046584A278A}.Debug|Any CPU.ActiveCfg = Debug|Any CPU
		{20884543-AC71-4A05-852C-D046584A278A}.Debug|Any CPU.Build.0 = Debug|Any CPU
		{20884543-AC71-4A05-852C-D046584A278A}.Release|Any CPU.ActiveCfg = Release|Any CPU
		{20884543-AC71-4A05-852C-D046584A278A}.Release|Any CPU.Build.0 = Release|Any CPU
	EndGlobalSection
	GlobalSection(SolutionProperties) = preSolution
		HideSolutionNode = FALSE
	EndGlobalSection
	GlobalSection(ExtensibilityGlobals) = postSolution
		SolutionGuid = {635F44FB-0F8D-4541-BF8C-223B9B344C78}
	EndGlobalSection
EndGlobal
